
Microsoft Visual Studio Solution File, Format Version 12.00
# Visual Studio Version 16
VisualStudioVersion = 16.0.30204.135
MinimumVisualStudioVersion = 15.0.26124.0
Project("{9A19103F-16F7-4668-BE54-9A1E7A4F7556}") = "Alpaki.WebApi", "Alpaki.WebApi\Alpaki.WebApi.csproj", "{519D7BD4-A519-4C8C-92F7-AF6DB03836B8}"
EndProject
Project("{9A19103F-16F7-4668-BE54-9A1E7A4F7556}") = "Alpaki.Database", "Alpaki.Database\Alpaki.Database.csproj", "{B4AD9808-5DE4-457B-868D-F179E39ADE7E}"
EndProject
Project("{9A19103F-16F7-4668-BE54-9A1E7A4F7556}") = "Alpaki.CrossCutting", "Alpaki.CrossCutting\Alpaki.CrossCutting.csproj", "{F1B4BB79-3628-4C8A-836B-C73B2C67D055}"
EndProject
Project("{9A19103F-16F7-4668-BE54-9A1E7A4F7556}") = "Alpaki.Logic", "Alpaki.Logic\Alpaki.Logic.csproj", "{1D9DA171-F006-410D-8CA7-F1BA1D431AF2}"
EndProject
Project("{2150E333-8FDC-42A3-9474-1A3956D46DE8}") = "Tests", "Tests", "{27CFBAD5-8ADF-423D-B6A0-322960E6C787}"
EndProject
Project("{9A19103F-16F7-4668-BE54-9A1E7A4F7556}") = "Alpaki.Tests.UnitTests", "Alpaki.Tests.UnitTests\Alpaki.Tests.UnitTests.csproj", "{CB811AF3-81E2-409D-9BC0-480048FCE36D}"
EndProject
Project("{9A19103F-16F7-4668-BE54-9A1E7A4F7556}") = "Alpaki.Tests.IntegrationTests", "Alpaki.Tests.IntegrationTests\Alpaki.Tests.IntegrationTests.csproj", "{09B34B19-134D-40CA-980C-849A2F997123}"
EndProject
Project("{9A19103F-16F7-4668-BE54-9A1E7A4F7556}") = "Alpaki.Tests.Common", "Alpaki.Tests.Common\Alpaki.Tests.Common.csproj", "{254CD1EE-E485-4AED-BB77-7CE1B869F897}"
EndProject
Project("{2150E333-8FDC-42A3-9474-1A3956D46DE8}") = "Logic", "Logic", "{7C2A6EBE-ABB7-4428-9B50-956CD2FC6BB2}"
EndProject
Project("{9A19103F-16F7-4668-BE54-9A1E7A4F7556}") = "Alpaki.MotoLogic", "Alpaki.MotoLogic\Alpaki.MotoLogic.csproj", "{1FA8FE38-61A7-48DB-AAA4-C86A830422CA}"
EndProject
Project("{2150E333-8FDC-42A3-9474-1A3956D46DE8}") = "Persistance", "Persistance", "{198D964B-0F31-463E-ABC4-25E22A05670A}"
EndProject
Project("{9A19103F-16F7-4668-BE54-9A1E7A4F7556}") = "Alpaki.Moto.Database", "Alpaki.Moto.Database\Alpaki.Moto.Database.csproj", "{4C36062D-1579-4779-AD69-F1E8ED239662}"
EndProject
Project("{2150E333-8FDC-42A3-9474-1A3956D46DE8}") = "Jobs", "Jobs", "{DF5E5937-66D3-4CAD-8198-D411894C987F}"
EndProject
Project("{9A19103F-16F7-4668-BE54-9A1E7A4F7556}") = "Alpaki.Moto.Job", "Alpaki.Moto.Job\Alpaki.Moto.Job.csproj", "{BB6B9AA8-B487-452C-88D6-EA2F3E20374B}"
EndProject
Project("{9A19103F-16F7-4668-BE54-9A1E7A4F7556}") = "Alpaki.WebJob", "Alpaki.WebJob\Alpaki.WebJob.csproj", "{F2514320-135D-408D-AC58-E0C5B7503552}"
EndProject
Project("{FAE04EC0-301F-11D3-BF4B-00C04F79EFBC}") = "Alpaki.Common.Jobs", "Alpaki.Common.Jobs\Alpaki.Common.Jobs.csproj", "{085A678D-7843-42FA-97CF-C00E52FED9BD}"
EndProject
Global
	GlobalSection(SolutionConfigurationPlatforms) = preSolution
		Debug|Any CPU = Debug|Any CPU
		Debug|x64 = Debug|x64
		Debug|x86 = Debug|x86
		Release|Any CPU = Release|Any CPU
		Release|x64 = Release|x64
		Release|x86 = Release|x86
	EndGlobalSection
	GlobalSection(ProjectConfigurationPlatforms) = postSolution
		{519D7BD4-A519-4C8C-92F7-AF6DB03836B8}.Debug|Any CPU.ActiveCfg = Debug|Any CPU
		{519D7BD4-A519-4C8C-92F7-AF6DB03836B8}.Debug|Any CPU.Build.0 = Debug|Any CPU
		{519D7BD4-A519-4C8C-92F7-AF6DB03836B8}.Debug|x64.ActiveCfg = Debug|Any CPU
		{519D7BD4-A519-4C8C-92F7-AF6DB03836B8}.Debug|x64.Build.0 = Debug|Any CPU
		{519D7BD4-A519-4C8C-92F7-AF6DB03836B8}.Debug|x86.ActiveCfg = Debug|Any CPU
		{519D7BD4-A519-4C8C-92F7-AF6DB03836B8}.Debug|x86.Build.0 = Debug|Any CPU
		{519D7BD4-A519-4C8C-92F7-AF6DB03836B8}.Release|Any CPU.ActiveCfg = Release|Any CPU
		{519D7BD4-A519-4C8C-92F7-AF6DB03836B8}.Release|Any CPU.Build.0 = Release|Any CPU
		{519D7BD4-A519-4C8C-92F7-AF6DB03836B8}.Release|x64.ActiveCfg = Release|Any CPU
		{519D7BD4-A519-4C8C-92F7-AF6DB03836B8}.Release|x64.Build.0 = Release|Any CPU
		{519D7BD4-A519-4C8C-92F7-AF6DB03836B8}.Release|x86.ActiveCfg = Release|Any CPU
		{519D7BD4-A519-4C8C-92F7-AF6DB03836B8}.Release|x86.Build.0 = Release|Any CPU
		{B4AD9808-5DE4-457B-868D-F179E39ADE7E}.Debug|Any CPU.ActiveCfg = Debug|Any CPU
		{B4AD9808-5DE4-457B-868D-F179E39ADE7E}.Debug|Any CPU.Build.0 = Debug|Any CPU
		{B4AD9808-5DE4-457B-868D-F179E39ADE7E}.Debug|x64.ActiveCfg = Debug|Any CPU
		{B4AD9808-5DE4-457B-868D-F179E39ADE7E}.Debug|x64.Build.0 = Debug|Any CPU
		{B4AD9808-5DE4-457B-868D-F179E39ADE7E}.Debug|x86.ActiveCfg = Debug|Any CPU
		{B4AD9808-5DE4-457B-868D-F179E39ADE7E}.Debug|x86.Build.0 = Debug|Any CPU
		{B4AD9808-5DE4-457B-868D-F179E39ADE7E}.Release|Any CPU.ActiveCfg = Release|Any CPU
		{B4AD9808-5DE4-457B-868D-F179E39ADE7E}.Release|Any CPU.Build.0 = Release|Any CPU
		{B4AD9808-5DE4-457B-868D-F179E39ADE7E}.Release|x64.ActiveCfg = Release|Any CPU
		{B4AD9808-5DE4-457B-868D-F179E39ADE7E}.Release|x64.Build.0 = Release|Any CPU
		{B4AD9808-5DE4-457B-868D-F179E39ADE7E}.Release|x86.ActiveCfg = Release|Any CPU
		{B4AD9808-5DE4-457B-868D-F179E39ADE7E}.Release|x86.Build.0 = Release|Any CPU
		{F1B4BB79-3628-4C8A-836B-C73B2C67D055}.Debug|Any CPU.ActiveCfg = Debug|Any CPU
		{F1B4BB79-3628-4C8A-836B-C73B2C67D055}.Debug|Any CPU.Build.0 = Debug|Any CPU
		{F1B4BB79-3628-4C8A-836B-C73B2C67D055}.Debug|x64.ActiveCfg = Debug|Any CPU
		{F1B4BB79-3628-4C8A-836B-C73B2C67D055}.Debug|x64.Build.0 = Debug|Any CPU
		{F1B4BB79-3628-4C8A-836B-C73B2C67D055}.Debug|x86.ActiveCfg = Debug|Any CPU
		{F1B4BB79-3628-4C8A-836B-C73B2C67D055}.Debug|x86.Build.0 = Debug|Any CPU
		{F1B4BB79-3628-4C8A-836B-C73B2C67D055}.Release|Any CPU.ActiveCfg = Release|Any CPU
		{F1B4BB79-3628-4C8A-836B-C73B2C67D055}.Release|Any CPU.Build.0 = Release|Any CPU
		{F1B4BB79-3628-4C8A-836B-C73B2C67D055}.Release|x64.ActiveCfg = Release|Any CPU
		{F1B4BB79-3628-4C8A-836B-C73B2C67D055}.Release|x64.Build.0 = Release|Any CPU
		{F1B4BB79-3628-4C8A-836B-C73B2C67D055}.Release|x86.ActiveCfg = Release|Any CPU
		{F1B4BB79-3628-4C8A-836B-C73B2C67D055}.Release|x86.Build.0 = Release|Any CPU
		{1D9DA171-F006-410D-8CA7-F1BA1D431AF2}.Debug|Any CPU.ActiveCfg = Debug|Any CPU
		{1D9DA171-F006-410D-8CA7-F1BA1D431AF2}.Debug|Any CPU.Build.0 = Debug|Any CPU
		{1D9DA171-F006-410D-8CA7-F1BA1D431AF2}.Debug|x64.ActiveCfg = Debug|Any CPU
		{1D9DA171-F006-410D-8CA7-F1BA1D431AF2}.Debug|x64.Build.0 = Debug|Any CPU
		{1D9DA171-F006-410D-8CA7-F1BA1D431AF2}.Debug|x86.ActiveCfg = Debug|Any CPU
		{1D9DA171-F006-410D-8CA7-F1BA1D431AF2}.Debug|x86.Build.0 = Debug|Any CPU
		{1D9DA171-F006-410D-8CA7-F1BA1D431AF2}.Release|Any CPU.ActiveCfg = Release|Any CPU
		{1D9DA171-F006-410D-8CA7-F1BA1D431AF2}.Release|Any CPU.Build.0 = Release|Any CPU
		{1D9DA171-F006-410D-8CA7-F1BA1D431AF2}.Release|x64.ActiveCfg = Release|Any CPU
		{1D9DA171-F006-410D-8CA7-F1BA1D431AF2}.Release|x64.Build.0 = Release|Any CPU
		{1D9DA171-F006-410D-8CA7-F1BA1D431AF2}.Release|x86.ActiveCfg = Release|Any CPU
		{1D9DA171-F006-410D-8CA7-F1BA1D431AF2}.Release|x86.Build.0 = Release|Any CPU
		{CB811AF3-81E2-409D-9BC0-480048FCE36D}.Debug|Any CPU.ActiveCfg = Debug|Any CPU
		{CB811AF3-81E2-409D-9BC0-480048FCE36D}.Debug|Any CPU.Build.0 = Debug|Any CPU
		{CB811AF3-81E2-409D-9BC0-480048FCE36D}.Debug|x64.ActiveCfg = Debug|Any CPU
		{CB811AF3-81E2-409D-9BC0-480048FCE36D}.Debug|x64.Build.0 = Debug|Any CPU
		{CB811AF3-81E2-409D-9BC0-480048FCE36D}.Debug|x86.ActiveCfg = Debug|Any CPU
		{CB811AF3-81E2-409D-9BC0-480048FCE36D}.Debug|x86.Build.0 = Debug|Any CPU
		{CB811AF3-81E2-409D-9BC0-480048FCE36D}.Release|Any CPU.ActiveCfg = Release|Any CPU
		{CB811AF3-81E2-409D-9BC0-480048FCE36D}.Release|Any CPU.Build.0 = Release|Any CPU
		{CB811AF3-81E2-409D-9BC0-480048FCE36D}.Release|x64.ActiveCfg = Release|Any CPU
		{CB811AF3-81E2-409D-9BC0-480048FCE36D}.Release|x64.Build.0 = Release|Any CPU
		{CB811AF3-81E2-409D-9BC0-480048FCE36D}.Release|x86.ActiveCfg = Release|Any CPU
		{CB811AF3-81E2-409D-9BC0-480048FCE36D}.Release|x86.Build.0 = Release|Any CPU
		{09B34B19-134D-40CA-980C-849A2F997123}.Debug|Any CPU.ActiveCfg = Debug|Any CPU
		{09B34B19-134D-40CA-980C-849A2F997123}.Debug|Any CPU.Build.0 = Debug|Any CPU
		{09B34B19-134D-40CA-980C-849A2F997123}.Debug|x64.ActiveCfg = Debug|Any CPU
		{09B34B19-134D-40CA-980C-849A2F997123}.Debug|x64.Build.0 = Debug|Any CPU
		{09B34B19-134D-40CA-980C-849A2F997123}.Debug|x86.ActiveCfg = Debug|Any CPU
		{09B34B19-134D-40CA-980C-849A2F997123}.Debug|x86.Build.0 = Debug|Any CPU
		{09B34B19-134D-40CA-980C-849A2F997123}.Release|Any CPU.ActiveCfg = Release|Any CPU
		{09B34B19-134D-40CA-980C-849A2F997123}.Release|Any CPU.Build.0 = Release|Any CPU
		{09B34B19-134D-40CA-980C-849A2F997123}.Release|x64.ActiveCfg = Release|Any CPU
		{09B34B19-134D-40CA-980C-849A2F997123}.Release|x64.Build.0 = Release|Any CPU
		{09B34B19-134D-40CA-980C-849A2F997123}.Release|x86.ActiveCfg = Release|Any CPU
		{09B34B19-134D-40CA-980C-849A2F997123}.Release|x86.Build.0 = Release|Any CPU
		{254CD1EE-E485-4AED-BB77-7CE1B869F897}.Debug|Any CPU.ActiveCfg = Debug|Any CPU
		{254CD1EE-E485-4AED-BB77-7CE1B869F897}.Debug|Any CPU.Build.0 = Debug|Any CPU
		{254CD1EE-E485-4AED-BB77-7CE1B869F897}.Debug|x64.ActiveCfg = Debug|Any CPU
		{254CD1EE-E485-4AED-BB77-7CE1B869F897}.Debug|x64.Build.0 = Debug|Any CPU
		{254CD1EE-E485-4AED-BB77-7CE1B869F897}.Debug|x86.ActiveCfg = Debug|Any CPU
		{254CD1EE-E485-4AED-BB77-7CE1B869F897}.Debug|x86.Build.0 = Debug|Any CPU
		{254CD1EE-E485-4AED-BB77-7CE1B869F897}.Release|Any CPU.ActiveCfg = Release|Any CPU
		{254CD1EE-E485-4AED-BB77-7CE1B869F897}.Release|Any CPU.Build.0 = Release|Any CPU
		{254CD1EE-E485-4AED-BB77-7CE1B869F897}.Release|x64.ActiveCfg = Release|Any CPU
		{254CD1EE-E485-4AED-BB77-7CE1B869F897}.Release|x64.Build.0 = Release|Any CPU
		{254CD1EE-E485-4AED-BB77-7CE1B869F897}.Release|x86.ActiveCfg = Release|Any CPU
		{254CD1EE-E485-4AED-BB77-7CE1B869F897}.Release|x86.Build.0 = Release|Any CPU
		{1FA8FE38-61A7-48DB-AAA4-C86A830422CA}.Debug|Any CPU.ActiveCfg = Debug|Any CPU
		{1FA8FE38-61A7-48DB-AAA4-C86A830422CA}.Debug|Any CPU.Build.0 = Debug|Any CPU
		{1FA8FE38-61A7-48DB-AAA4-C86A830422CA}.Debug|x64.ActiveCfg = Debug|Any CPU
		{1FA8FE38-61A7-48DB-AAA4-C86A830422CA}.Debug|x64.Build.0 = Debug|Any CPU
		{1FA8FE38-61A7-48DB-AAA4-C86A830422CA}.Debug|x86.ActiveCfg = Debug|Any CPU
		{1FA8FE38-61A7-48DB-AAA4-C86A830422CA}.Debug|x86.Build.0 = Debug|Any CPU
		{1FA8FE38-61A7-48DB-AAA4-C86A830422CA}.Release|Any CPU.ActiveCfg = Release|Any CPU
		{1FA8FE38-61A7-48DB-AAA4-C86A830422CA}.Release|Any CPU.Build.0 = Release|Any CPU
		{1FA8FE38-61A7-48DB-AAA4-C86A830422CA}.Release|x64.ActiveCfg = Release|Any CPU
		{1FA8FE38-61A7-48DB-AAA4-C86A830422CA}.Release|x64.Build.0 = Release|Any CPU
		{1FA8FE38-61A7-48DB-AAA4-C86A830422CA}.Release|x86.ActiveCfg = Release|Any CPU
		{1FA8FE38-61A7-48DB-AAA4-C86A830422CA}.Release|x86.Build.0 = Release|Any CPU
		{4C36062D-1579-4779-AD69-F1E8ED239662}.Debug|Any CPU.ActiveCfg = Debug|Any CPU
		{4C36062D-1579-4779-AD69-F1E8ED239662}.Debug|Any CPU.Build.0 = Debug|Any CPU
		{4C36062D-1579-4779-AD69-F1E8ED239662}.Debug|x64.ActiveCfg = Debug|Any CPU
		{4C36062D-1579-4779-AD69-F1E8ED239662}.Debug|x64.Build.0 = Debug|Any CPU
		{4C36062D-1579-4779-AD69-F1E8ED239662}.Debug|x86.ActiveCfg = Debug|Any CPU
		{4C36062D-1579-4779-AD69-F1E8ED239662}.Debug|x86.Build.0 = Debug|Any CPU
		{4C36062D-1579-4779-AD69-F1E8ED239662}.Release|Any CPU.ActiveCfg = Release|Any CPU
		{4C36062D-1579-4779-AD69-F1E8ED239662}.Release|Any CPU.Build.0 = Release|Any CPU
		{4C36062D-1579-4779-AD69-F1E8ED239662}.Release|x64.ActiveCfg = Release|Any CPU
		{4C36062D-1579-4779-AD69-F1E8ED239662}.Release|x64.Build.0 = Release|Any CPU
		{4C36062D-1579-4779-AD69-F1E8ED239662}.Release|x86.ActiveCfg = Release|Any CPU
		{4C36062D-1579-4779-AD69-F1E8ED239662}.Release|x86.Build.0 = Release|Any CPU
		{BB6B9AA8-B487-452C-88D6-EA2F3E20374B}.Debug|Any CPU.ActiveCfg = Debug|Any CPU
		{BB6B9AA8-B487-452C-88D6-EA2F3E20374B}.Debug|Any CPU.Build.0 = Debug|Any CPU
		{BB6B9AA8-B487-452C-88D6-EA2F3E20374B}.Debug|x64.ActiveCfg = Debug|Any CPU
		{BB6B9AA8-B487-452C-88D6-EA2F3E20374B}.Debug|x64.Build.0 = Debug|Any CPU
		{BB6B9AA8-B487-452C-88D6-EA2F3E20374B}.Debug|x86.ActiveCfg = Debug|Any CPU
		{BB6B9AA8-B487-452C-88D6-EA2F3E20374B}.Debug|x86.Build.0 = Debug|Any CPU
		{BB6B9AA8-B487-452C-88D6-EA2F3E20374B}.Release|Any CPU.ActiveCfg = Release|Any CPU
		{BB6B9AA8-B487-452C-88D6-EA2F3E20374B}.Release|Any CPU.Build.0 = Release|Any CPU
		{BB6B9AA8-B487-452C-88D6-EA2F3E20374B}.Release|x64.ActiveCfg = Release|Any CPU
		{BB6B9AA8-B487-452C-88D6-EA2F3E20374B}.Release|x64.Build.0 = Release|Any CPU
		{BB6B9AA8-B487-452C-88D6-EA2F3E20374B}.Release|x86.ActiveCfg = Release|Any CPU
		{BB6B9AA8-B487-452C-88D6-EA2F3E20374B}.Release|x86.Build.0 = Release|Any CPU
		{F2514320-135D-408D-AC58-E0C5B7503552}.Debug|Any CPU.ActiveCfg = Debug|Any CPU
		{F2514320-135D-408D-AC58-E0C5B7503552}.Debug|Any CPU.Build.0 = Debug|Any CPU
		{F2514320-135D-408D-AC58-E0C5B7503552}.Debug|x64.ActiveCfg = Debug|Any CPU
		{F2514320-135D-408D-AC58-E0C5B7503552}.Debug|x64.Build.0 = Debug|Any CPU
		{F2514320-135D-408D-AC58-E0C5B7503552}.Debug|x86.ActiveCfg = Debug|Any CPU
		{F2514320-135D-408D-AC58-E0C5B7503552}.Debug|x86.Build.0 = Debug|Any CPU
		{F2514320-135D-408D-AC58-E0C5B7503552}.Release|Any CPU.ActiveCfg = Release|Any CPU
		{F2514320-135D-408D-AC58-E0C5B7503552}.Release|Any CPU.Build.0 = Release|Any CPU
		{F2514320-135D-408D-AC58-E0C5B7503552}.Release|x64.ActiveCfg = Release|Any CPU
		{F2514320-135D-408D-AC58-E0C5B7503552}.Release|x64.Build.0 = Release|Any CPU
		{F2514320-135D-408D-AC58-E0C5B7503552}.Release|x86.ActiveCfg = Release|Any CPU
		{F2514320-135D-408D-AC58-E0C5B7503552}.Release|x86.Build.0 = Release|Any CPU
		{085A678D-7843-42FA-97CF-C00E52FED9BD}.Debug|Any CPU.ActiveCfg = Debug|Any CPU
		{085A678D-7843-42FA-97CF-C00E52FED9BD}.Debug|Any CPU.Build.0 = Debug|Any CPU
		{085A678D-7843-42FA-97CF-C00E52FED9BD}.Debug|x64.ActiveCfg = Debug|Any CPU
		{085A678D-7843-42FA-97CF-C00E52FED9BD}.Debug|x64.Build.0 = Debug|Any CPU
		{085A678D-7843-42FA-97CF-C00E52FED9BD}.Debug|x86.ActiveCfg = Debug|Any CPU
		{085A678D-7843-42FA-97CF-C00E52FED9BD}.Debug|x86.Build.0 = Debug|Any CPU
		{085A678D-7843-42FA-97CF-C00E52FED9BD}.Release|Any CPU.ActiveCfg = Release|Any CPU
		{085A678D-7843-42FA-97CF-C00E52FED9BD}.Release|Any CPU.Build.0 = Release|Any CPU
		{085A678D-7843-42FA-97CF-C00E52FED9BD}.Release|x64.ActiveCfg = Release|Any CPU
		{085A678D-7843-42FA-97CF-C00E52FED9BD}.Release|x64.Build.0 = Release|Any CPU
		{085A678D-7843-42FA-97CF-C00E52FED9BD}.Release|x86.ActiveCfg = Release|Any CPU
		{085A678D-7843-42FA-97CF-C00E52FED9BD}.Release|x86.Build.0 = Release|Any CPU
	EndGlobalSection
	GlobalSection(SolutionProperties) = preSolution
		HideSolutionNode = FALSE
	EndGlobalSection
	GlobalSection(NestedProjects) = preSolution
		{B4AD9808-5DE4-457B-868D-F179E39ADE7E} = {198D964B-0F31-463E-ABC4-25E22A05670A}
		{1D9DA171-F006-410D-8CA7-F1BA1D431AF2} = {7C2A6EBE-ABB7-4428-9B50-956CD2FC6BB2}
		{CB811AF3-81E2-409D-9BC0-480048FCE36D} = {27CFBAD5-8ADF-423D-B6A0-322960E6C787}
		{09B34B19-134D-40CA-980C-849A2F997123} = {27CFBAD5-8ADF-423D-B6A0-322960E6C787}
		{254CD1EE-E485-4AED-BB77-7CE1B869F897} = {27CFBAD5-8ADF-423D-B6A0-322960E6C787}
		{1FA8FE38-61A7-48DB-AAA4-C86A830422CA} = {7C2A6EBE-ABB7-4428-9B50-956CD2FC6BB2}
		{4C36062D-1579-4779-AD69-F1E8ED239662} = {198D964B-0F31-463E-ABC4-25E22A05670A}
		{BB6B9AA8-B487-452C-88D6-EA2F3E20374B} = {DF5E5937-66D3-4CAD-8198-D411894C987F}
		{085A678D-7843-42FA-97CF-C00E52FED9BD} = {DF5E5937-66D3-4CAD-8198-D411894C987F}
	EndGlobalSection
	GlobalSection(ExtensibilityGlobals) = postSolution
		SolutionGuid = {CF56E54C-11EB-4345-A6CF-D4ECDA5CA4D1}
	EndGlobalSection
EndGlobal
