
Microsoft Visual Studio Solution File, Format Version 12.00
# Visual Studio Version 16
VisualStudioVersion = 16.0.30204.135
MinimumVisualStudioVersion = 15.0.26124.0
Project("{9A19103F-16F7-4668-BE54-9A1E7A4F7556}") = "Alpaki.WebApi", "Alpaki.WebApi\Alpaki.WebApi.csproj", "{519D7BD4-A519-4C8C-92F7-AF6DB03836B8}"
EndProject
Project("{9A19103F-16F7-4668-BE54-9A1E7A4F7556}") = "Alpaki.Database", "Alpaki.Database\Alpaki.Database.csproj", "{B4AD9808-5DE4-457B-868D-F179E39ADE7E}"
EndProject
Project("{9A19103F-16F7-4668-BE54-9A1E7A4F7556}") = "Alpaki.CrossCutting", "Alpaki.CrossCutting\Alpaki.CrossCutting.csproj", "{F1B4BB79-3628-4C8A-836B-C73B2C67D055}"
EndProject
Project("{9A19103F-16F7-4668-BE54-9A1E7A4F7556}") = "Alpaki.Logic", "Alpaki.Logic\Alpaki.Logic.csproj", "{1D9DA171-F006-410D-8CA7-F1BA1D431AF2}"
EndProject
Project("{2150E333-8FDC-42A3-9474-1A3956D46DE8}") = "Tests", "Tests", "{27CFBAD5-8ADF-423D-B6A0-322960E6C787}"
EndProject
Project("{9A19103F-16F7-4668-BE54-9A1E7A4F7556}") = "Alpaki.Tests.UnitTests", "Alpaki.Tests.UnitTests\Alpaki.Tests.UnitTests.csproj", "{CB811AF3-81E2-409D-9BC0-480048FCE36D}"
EndProject
Project("{9A19103F-16F7-4668-BE54-9A1E7A4F7556}") = "Alpaki.Tests.IntegrationTests", "Alpaki.Tests.IntegrationTests\Alpaki.Tests.IntegrationTests.csproj", "{09B34B19-134D-40CA-980C-849A2F997123}"
EndProject
Project("{9A19103F-16F7-4668-BE54-9A1E7A4F7556}") = "Alpaki.Tests.Common", "Alpaki.Tests.Common\Alpaki.Tests.Common.csproj", "{254CD1EE-E485-4AED-BB77-7CE1B869F897}"
EndProject
Project("{2150E333-8FDC-42A3-9474-1A3956D46DE8}") = "Logic", "Logic", "{7C2A6EBE-ABB7-4428-9B50-956CD2FC6BB2}"
EndProject
Project("{9A19103F-16F7-4668-BE54-9A1E7A4F7556}") = "Alpaki.MotoLogic", "Alpaki.MotoLogic\Alpaki.MotoLogic.csproj", "{1FA8FE38-61A7-48DB-AAA4-C86A830422CA}"
EndProject
Project("{2150E333-8FDC-42A3-9474-1A3956D46DE8}") = "Persistance", "Persistance", "{198D964B-0F31-463E-ABC4-25E22A05670A}"
EndProject
Project("{9A19103F-16F7-4668-BE54-9A1E7A4F7556}") = "Alpaki.Moto.Database", "Alpaki.Moto.Database\Alpaki.Moto.Database.csproj", "{4C36062D-1579-4779-AD69-F1E8ED239662}"
EndProject
Project("{2150E333-8FDC-42A3-9474-1A3956D46DE8}") = "Jobs", "Jobs", "{DF5E5937-66D3-4CAD-8198-D411894C987F}"
EndProject
Project("{9A19103F-16F7-4668-BE54-9A1E7A4F7556}") = "Alpaki.Moto.Job", "Alpaki.Moto.Job\Alpaki.Moto.Job.csproj", "{BB6B9AA8-B487-452C-88D6-EA2F3E20374B}"
EndProject
Project("{9A19103F-16F7-4668-BE54-9A1E7A4F7556}") = "Alpaki.Common.Jobs", "Alpaki.Common.Jobs\Alpaki.Common.Jobs.csproj", "{085A678D-7843-42FA-97CF-C00E52FED9BD}"
EndProject
Project("{9A19103F-16F7-4668-BE54-9A1E7A4F7556}") = "Alpaki.Moto.UnitTests", "Alpaki.Moto.UnitTests\Alpaki.Moto.UnitTests.csproj", "{C721642B-A0AE-4075-8C32-BC84143ED12E}"
EndProject
Project("{9A19103F-16F7-4668-BE54-9A1E7A4F7556}") = "Alpaki.WebApp", "Alpaki.WebApp\Alpaki.WebApp.csproj", "{B4BDB18E-03A4-42F1-BCDF-89D0BA3C713E}"
EndProject
Project("{2150E333-8FDC-42A3-9474-1A3956D46DE8}") = "WebApp", "WebApp", "{75A9672B-38A2-4ECC-92CA-6C7004931056}"
EndProject
Project("{9A19103F-16F7-4668-BE54-9A1E7A4F7556}") = "Alpaki.Moto.Components", "Alpaki.Moto.Components\Alpaki.Moto.Components.csproj", "{5776110B-FEE1-4A8A-8FB1-FBD5AA866DE1}"
EndProject
Project("{9A19103F-16F7-4668-BE54-9A1E7A4F7556}") = "Alpaki.TimeSheet.Logic", "Alpaki.TimeSheetLogic\Alpaki.TimeSheet.Logic.csproj", "{F1825DED-0F5F-41F4-9D23-A17FC2EBB214}"
EndProject
Project("{9A19103F-16F7-4668-BE54-9A1E7A4F7556}") = "Alpaki.TimeSheet.Database", "Alpaki.TimeSheet.Database\Alpaki.TimeSheet.Database.csproj", "{3BA8017C-C651-4401-8F0B-1D37C7923D4D}"
EndProject
Project("{9A19103F-16F7-4668-BE54-9A1E7A4F7556}") = "Alpaki.TimeSheet.Tests", "Alpaki.TimeSheet.Tests\Alpaki.TimeSheet.Tests.csproj", "{F29A7B32-C806-4934-A950-30C8138E2D96}"
EndProject
Project("{2150E333-8FDC-42A3-9474-1A3956D46DE8}") = "Cross Cutting", "Cross Cutting", "{22D9324E-DBA1-4EE7-B799-C2BF4C2B88FD}"
EndProject
Project("{9A19103F-16F7-4668-BE54-9A1E7A4F7556}") = "Alpaki.Tests.TimeSheet.Integration", "Alpaki.Tests.TimeSheet.Integration\Alpaki.Tests.TimeSheet.Integration.csproj", "{005A766E-BDBD-4206-9DE2-5A15B9B7E27C}"
EndProject
Project("{9A19103F-16F7-4668-BE54-9A1E7A4F7556}") = "Alpaki.WebJob", "Alpaki.WebJob\Alpaki.WebJob.csproj", "{E8EC6694-B8E6-4BAB-A5E2-EE7C90BF7C78}"
EndProject
Project("{9A19103F-16F7-4668-BE54-9A1E7A4F7556}") = "Alpaki.Cake.WebApp", "Alpaki.Cake.WebApp\Alpaki.Cake.WebApp.csproj", "{0738D711-207C-4ADC-BD66-2A0736EE7014}"
EndProject
Project("{FAE04EC0-301F-11D3-BF4B-00C04F79EFBC}") = "Alpaki.SearchEngine", "Alpaki.SearchEngine\Alpaki.SearchEngine.csproj", "{F9F5FAFD-3342-403D-B195-A6AF23B2A4A8}"
EndProject
Global
	GlobalSection(SolutionConfigurationPlatforms) = preSolution
		Debug|Any CPU = Debug|Any CPU
		Debug|x64 = Debug|x64
		Debug|x86 = Debug|x86
		Release|Any CPU = Release|Any CPU
		Release|x64 = Release|x64
		Release|x86 = Release|x86
	EndGlobalSection
	GlobalSection(ProjectConfigurationPlatforms) = postSolution
		{519D7BD4-A519-4C8C-92F7-AF6DB03836B8}.Debug|Any CPU.ActiveCfg = Debug|Any CPU
		{519D7BD4-A519-4C8C-92F7-AF6DB03836B8}.Debug|Any CPU.Build.0 = Debug|Any CPU
		{519D7BD4-A519-4C8C-92F7-AF6DB03836B8}.Debug|x64.ActiveCfg = Debug|Any CPU
		{519D7BD4-A519-4C8C-92F7-AF6DB03836B8}.Debug|x64.Build.0 = Debug|Any CPU
		{519D7BD4-A519-4C8C-92F7-AF6DB03836B8}.Debug|x86.ActiveCfg = Debug|Any CPU
		{519D7BD4-A519-4C8C-92F7-AF6DB03836B8}.Debug|x86.Build.0 = Debug|Any CPU
		{519D7BD4-A519-4C8C-92F7-AF6DB03836B8}.Release|Any CPU.ActiveCfg = Release|Any CPU
		{519D7BD4-A519-4C8C-92F7-AF6DB03836B8}.Release|Any CPU.Build.0 = Release|Any CPU
		{519D7BD4-A519-4C8C-92F7-AF6DB03836B8}.Release|x64.ActiveCfg = Release|Any CPU
		{519D7BD4-A519-4C8C-92F7-AF6DB03836B8}.Release|x64.Build.0 = Release|Any CPU
		{519D7BD4-A519-4C8C-92F7-AF6DB03836B8}.Release|x86.ActiveCfg = Release|Any CPU
		{519D7BD4-A519-4C8C-92F7-AF6DB03836B8}.Release|x86.Build.0 = Release|Any CPU
		{B4AD9808-5DE4-457B-868D-F179E39ADE7E}.Debug|Any CPU.ActiveCfg = Debug|Any CPU
		{B4AD9808-5DE4-457B-868D-F179E39ADE7E}.Debug|Any CPU.Build.0 = Debug|Any CPU
		{B4AD9808-5DE4-457B-868D-F179E39ADE7E}.Debug|x64.ActiveCfg = Debug|Any CPU
		{B4AD9808-5DE4-457B-868D-F179E39ADE7E}.Debug|x64.Build.0 = Debug|Any CPU
		{B4AD9808-5DE4-457B-868D-F179E39ADE7E}.Debug|x86.ActiveCfg = Debug|Any CPU
		{B4AD9808-5DE4-457B-868D-F179E39ADE7E}.Debug|x86.Build.0 = Debug|Any CPU
		{B4AD9808-5DE4-457B-868D-F179E39ADE7E}.Release|Any CPU.ActiveCfg = Release|Any CPU
		{B4AD9808-5DE4-457B-868D-F179E39ADE7E}.Release|Any CPU.Build.0 = Release|Any CPU
		{B4AD9808-5DE4-457B-868D-F179E39ADE7E}.Release|x64.ActiveCfg = Release|Any CPU
		{B4AD9808-5DE4-457B-868D-F179E39ADE7E}.Release|x64.Build.0 = Release|Any CPU
		{B4AD9808-5DE4-457B-868D-F179E39ADE7E}.Release|x86.ActiveCfg = Release|Any CPU
		{B4AD9808-5DE4-457B-868D-F179E39ADE7E}.Release|x86.Build.0 = Release|Any CPU
		{F1B4BB79-3628-4C8A-836B-C73B2C67D055}.Debug|Any CPU.ActiveCfg = Debug|Any CPU
		{F1B4BB79-3628-4C8A-836B-C73B2C67D055}.Debug|Any CPU.Build.0 = Debug|Any CPU
		{F1B4BB79-3628-4C8A-836B-C73B2C67D055}.Debug|x64.ActiveCfg = Debug|Any CPU
		{F1B4BB79-3628-4C8A-836B-C73B2C67D055}.Debug|x64.Build.0 = Debug|Any CPU
		{F1B4BB79-3628-4C8A-836B-C73B2C67D055}.Debug|x86.ActiveCfg = Debug|Any CPU
		{F1B4BB79-3628-4C8A-836B-C73B2C67D055}.Debug|x86.Build.0 = Debug|Any CPU
		{F1B4BB79-3628-4C8A-836B-C73B2C67D055}.Release|Any CPU.ActiveCfg = Release|Any CPU
		{F1B4BB79-3628-4C8A-836B-C73B2C67D055}.Release|Any CPU.Build.0 = Release|Any CPU
		{F1B4BB79-3628-4C8A-836B-C73B2C67D055}.Release|x64.ActiveCfg = Release|Any CPU
		{F1B4BB79-3628-4C8A-836B-C73B2C67D055}.Release|x64.Build.0 = Release|Any CPU
		{F1B4BB79-3628-4C8A-836B-C73B2C67D055}.Release|x86.ActiveCfg = Release|Any CPU
		{F1B4BB79-3628-4C8A-836B-C73B2C67D055}.Release|x86.Build.0 = Release|Any CPU
		{1D9DA171-F006-410D-8CA7-F1BA1D431AF2}.Debug|Any CPU.ActiveCfg = Debug|Any CPU
		{1D9DA171-F006-410D-8CA7-F1BA1D431AF2}.Debug|Any CPU.Build.0 = Debug|Any CPU
		{1D9DA171-F006-410D-8CA7-F1BA1D431AF2}.Debug|x64.ActiveCfg = Debug|Any CPU
		{1D9DA171-F006-410D-8CA7-F1BA1D431AF2}.Debug|x64.Build.0 = Debug|Any CPU
		{1D9DA171-F006-410D-8CA7-F1BA1D431AF2}.Debug|x86.ActiveCfg = Debug|Any CPU
		{1D9DA171-F006-410D-8CA7-F1BA1D431AF2}.Debug|x86.Build.0 = Debug|Any CPU
		{1D9DA171-F006-410D-8CA7-F1BA1D431AF2}.Release|Any CPU.ActiveCfg = Release|Any CPU
		{1D9DA171-F006-410D-8CA7-F1BA1D431AF2}.Release|Any CPU.Build.0 = Release|Any CPU
		{1D9DA171-F006-410D-8CA7-F1BA1D431AF2}.Release|x64.ActiveCfg = Release|Any CPU
		{1D9DA171-F006-410D-8CA7-F1BA1D431AF2}.Release|x64.Build.0 = Release|Any CPU
		{1D9DA171-F006-410D-8CA7-F1BA1D431AF2}.Release|x86.ActiveCfg = Release|Any CPU
		{1D9DA171-F006-410D-8CA7-F1BA1D431AF2}.Release|x86.Build.0 = Release|Any CPU
		{CB811AF3-81E2-409D-9BC0-480048FCE36D}.Debug|Any CPU.ActiveCfg = Debug|Any CPU
		{CB811AF3-81E2-409D-9BC0-480048FCE36D}.Debug|Any CPU.Build.0 = Debug|Any CPU
		{CB811AF3-81E2-409D-9BC0-480048FCE36D}.Debug|x64.ActiveCfg = Debug|Any CPU
		{CB811AF3-81E2-409D-9BC0-480048FCE36D}.Debug|x64.Build.0 = Debug|Any CPU
		{CB811AF3-81E2-409D-9BC0-480048FCE36D}.Debug|x86.ActiveCfg = Debug|Any CPU
		{CB811AF3-81E2-409D-9BC0-480048FCE36D}.Debug|x86.Build.0 = Debug|Any CPU
		{CB811AF3-81E2-409D-9BC0-480048FCE36D}.Release|Any CPU.ActiveCfg = Release|Any CPU
		{CB811AF3-81E2-409D-9BC0-480048FCE36D}.Release|Any CPU.Build.0 = Release|Any CPU
		{CB811AF3-81E2-409D-9BC0-480048FCE36D}.Release|x64.ActiveCfg = Release|Any CPU
		{CB811AF3-81E2-409D-9BC0-480048FCE36D}.Release|x64.Build.0 = Release|Any CPU
		{CB811AF3-81E2-409D-9BC0-480048FCE36D}.Release|x86.ActiveCfg = Release|Any CPU
		{CB811AF3-81E2-409D-9BC0-480048FCE36D}.Release|x86.Build.0 = Release|Any CPU
		{09B34B19-134D-40CA-980C-849A2F997123}.Debug|Any CPU.ActiveCfg = Debug|Any CPU
		{09B34B19-134D-40CA-980C-849A2F997123}.Debug|Any CPU.Build.0 = Debug|Any CPU
		{09B34B19-134D-40CA-980C-849A2F997123}.Debug|x64.ActiveCfg = Debug|Any CPU
		{09B34B19-134D-40CA-980C-849A2F997123}.Debug|x64.Build.0 = Debug|Any CPU
		{09B34B19-134D-40CA-980C-849A2F997123}.Debug|x86.ActiveCfg = Debug|Any CPU
		{09B34B19-134D-40CA-980C-849A2F997123}.Debug|x86.Build.0 = Debug|Any CPU
		{09B34B19-134D-40CA-980C-849A2F997123}.Release|Any CPU.ActiveCfg = Release|Any CPU
		{09B34B19-134D-40CA-980C-849A2F997123}.Release|Any CPU.Build.0 = Release|Any CPU
		{09B34B19-134D-40CA-980C-849A2F997123}.Release|x64.ActiveCfg = Release|Any CPU
		{09B34B19-134D-40CA-980C-849A2F997123}.Release|x64.Build.0 = Release|Any CPU
		{09B34B19-134D-40CA-980C-849A2F997123}.Release|x86.ActiveCfg = Release|Any CPU
		{09B34B19-134D-40CA-980C-849A2F997123}.Release|x86.Build.0 = Release|Any CPU
		{254CD1EE-E485-4AED-BB77-7CE1B869F897}.Debug|Any CPU.ActiveCfg = Debug|Any CPU
		{254CD1EE-E485-4AED-BB77-7CE1B869F897}.Debug|Any CPU.Build.0 = Debug|Any CPU
		{254CD1EE-E485-4AED-BB77-7CE1B869F897}.Debug|x64.ActiveCfg = Debug|Any CPU
		{254CD1EE-E485-4AED-BB77-7CE1B869F897}.Debug|x64.Build.0 = Debug|Any CPU
		{254CD1EE-E485-4AED-BB77-7CE1B869F897}.Debug|x86.ActiveCfg = Debug|Any CPU
		{254CD1EE-E485-4AED-BB77-7CE1B869F897}.Debug|x86.Build.0 = Debug|Any CPU
		{254CD1EE-E485-4AED-BB77-7CE1B869F897}.Release|Any CPU.ActiveCfg = Release|Any CPU
		{254CD1EE-E485-4AED-BB77-7CE1B869F897}.Release|Any CPU.Build.0 = Release|Any CPU
		{254CD1EE-E485-4AED-BB77-7CE1B869F897}.Release|x64.ActiveCfg = Release|Any CPU
		{254CD1EE-E485-4AED-BB77-7CE1B869F897}.Release|x64.Build.0 = Release|Any CPU
		{254CD1EE-E485-4AED-BB77-7CE1B869F897}.Release|x86.ActiveCfg = Release|Any CPU
		{254CD1EE-E485-4AED-BB77-7CE1B869F897}.Release|x86.Build.0 = Release|Any CPU
		{1FA8FE38-61A7-48DB-AAA4-C86A830422CA}.Debug|Any CPU.ActiveCfg = Debug|Any CPU
		{1FA8FE38-61A7-48DB-AAA4-C86A830422CA}.Debug|Any CPU.Build.0 = Debug|Any CPU
		{1FA8FE38-61A7-48DB-AAA4-C86A830422CA}.Debug|x64.ActiveCfg = Debug|Any CPU
		{1FA8FE38-61A7-48DB-AAA4-C86A830422CA}.Debug|x64.Build.0 = Debug|Any CPU
		{1FA8FE38-61A7-48DB-AAA4-C86A830422CA}.Debug|x86.ActiveCfg = Debug|Any CPU
		{1FA8FE38-61A7-48DB-AAA4-C86A830422CA}.Debug|x86.Build.0 = Debug|Any CPU
		{1FA8FE38-61A7-48DB-AAA4-C86A830422CA}.Release|Any CPU.ActiveCfg = Release|Any CPU
		{1FA8FE38-61A7-48DB-AAA4-C86A830422CA}.Release|Any CPU.Build.0 = Release|Any CPU
		{1FA8FE38-61A7-48DB-AAA4-C86A830422CA}.Release|x64.ActiveCfg = Release|Any CPU
		{1FA8FE38-61A7-48DB-AAA4-C86A830422CA}.Release|x64.Build.0 = Release|Any CPU
		{1FA8FE38-61A7-48DB-AAA4-C86A830422CA}.Release|x86.ActiveCfg = Release|Any CPU
		{1FA8FE38-61A7-48DB-AAA4-C86A830422CA}.Release|x86.Build.0 = Release|Any CPU
		{4C36062D-1579-4779-AD69-F1E8ED239662}.Debug|Any CPU.ActiveCfg = Debug|Any CPU
		{4C36062D-1579-4779-AD69-F1E8ED239662}.Debug|Any CPU.Build.0 = Debug|Any CPU
		{4C36062D-1579-4779-AD69-F1E8ED239662}.Debug|x64.ActiveCfg = Debug|Any CPU
		{4C36062D-1579-4779-AD69-F1E8ED239662}.Debug|x64.Build.0 = Debug|Any CPU
		{4C36062D-1579-4779-AD69-F1E8ED239662}.Debug|x86.ActiveCfg = Debug|Any CPU
		{4C36062D-1579-4779-AD69-F1E8ED239662}.Debug|x86.Build.0 = Debug|Any CPU
		{4C36062D-1579-4779-AD69-F1E8ED239662}.Release|Any CPU.ActiveCfg = Release|Any CPU
		{4C36062D-1579-4779-AD69-F1E8ED239662}.Release|Any CPU.Build.0 = Release|Any CPU
		{4C36062D-1579-4779-AD69-F1E8ED239662}.Release|x64.ActiveCfg = Release|Any CPU
		{4C36062D-1579-4779-AD69-F1E8ED239662}.Release|x64.Build.0 = Release|Any CPU
		{4C36062D-1579-4779-AD69-F1E8ED239662}.Release|x86.ActiveCfg = Release|Any CPU
		{4C36062D-1579-4779-AD69-F1E8ED239662}.Release|x86.Build.0 = Release|Any CPU
		{BB6B9AA8-B487-452C-88D6-EA2F3E20374B}.Debug|Any CPU.ActiveCfg = Debug|Any CPU
		{BB6B9AA8-B487-452C-88D6-EA2F3E20374B}.Debug|Any CPU.Build.0 = Debug|Any CPU
		{BB6B9AA8-B487-452C-88D6-EA2F3E20374B}.Debug|x64.ActiveCfg = Debug|Any CPU
		{BB6B9AA8-B487-452C-88D6-EA2F3E20374B}.Debug|x64.Build.0 = Debug|Any CPU
		{BB6B9AA8-B487-452C-88D6-EA2F3E20374B}.Debug|x86.ActiveCfg = Debug|Any CPU
		{BB6B9AA8-B487-452C-88D6-EA2F3E20374B}.Debug|x86.Build.0 = Debug|Any CPU
		{BB6B9AA8-B487-452C-88D6-EA2F3E20374B}.Release|Any CPU.ActiveCfg = Release|Any CPU
		{BB6B9AA8-B487-452C-88D6-EA2F3E20374B}.Release|Any CPU.Build.0 = Release|Any CPU
		{BB6B9AA8-B487-452C-88D6-EA2F3E20374B}.Release|x64.ActiveCfg = Release|Any CPU
		{BB6B9AA8-B487-452C-88D6-EA2F3E20374B}.Release|x64.Build.0 = Release|Any CPU
		{BB6B9AA8-B487-452C-88D6-EA2F3E20374B}.Release|x86.ActiveCfg = Release|Any CPU
		{BB6B9AA8-B487-452C-88D6-EA2F3E20374B}.Release|x86.Build.0 = Release|Any CPU
		{085A678D-7843-42FA-97CF-C00E52FED9BD}.Debug|Any CPU.ActiveCfg = Debug|Any CPU
		{085A678D-7843-42FA-97CF-C00E52FED9BD}.Debug|Any CPU.Build.0 = Debug|Any CPU
		{085A678D-7843-42FA-97CF-C00E52FED9BD}.Debug|x64.ActiveCfg = Debug|Any CPU
		{085A678D-7843-42FA-97CF-C00E52FED9BD}.Debug|x64.Build.0 = Debug|Any CPU
		{085A678D-7843-42FA-97CF-C00E52FED9BD}.Debug|x86.ActiveCfg = Debug|Any CPU
		{085A678D-7843-42FA-97CF-C00E52FED9BD}.Debug|x86.Build.0 = Debug|Any CPU
		{085A678D-7843-42FA-97CF-C00E52FED9BD}.Release|Any CPU.ActiveCfg = Release|Any CPU
		{085A678D-7843-42FA-97CF-C00E52FED9BD}.Release|Any CPU.Build.0 = Release|Any CPU
		{085A678D-7843-42FA-97CF-C00E52FED9BD}.Release|x64.ActiveCfg = Release|Any CPU
		{085A678D-7843-42FA-97CF-C00E52FED9BD}.Release|x64.Build.0 = Release|Any CPU
		{085A678D-7843-42FA-97CF-C00E52FED9BD}.Release|x86.ActiveCfg = Release|Any CPU
		{085A678D-7843-42FA-97CF-C00E52FED9BD}.Release|x86.Build.0 = Release|Any CPU
		{C721642B-A0AE-4075-8C32-BC84143ED12E}.Debug|Any CPU.ActiveCfg = Debug|Any CPU
		{C721642B-A0AE-4075-8C32-BC84143ED12E}.Debug|Any CPU.Build.0 = Debug|Any CPU
		{C721642B-A0AE-4075-8C32-BC84143ED12E}.Debug|x64.ActiveCfg = Debug|Any CPU
		{C721642B-A0AE-4075-8C32-BC84143ED12E}.Debug|x64.Build.0 = Debug|Any CPU
		{C721642B-A0AE-4075-8C32-BC84143ED12E}.Debug|x86.ActiveCfg = Debug|Any CPU
		{C721642B-A0AE-4075-8C32-BC84143ED12E}.Debug|x86.Build.0 = Debug|Any CPU
		{C721642B-A0AE-4075-8C32-BC84143ED12E}.Release|Any CPU.ActiveCfg = Release|Any CPU
		{C721642B-A0AE-4075-8C32-BC84143ED12E}.Release|Any CPU.Build.0 = Release|Any CPU
		{C721642B-A0AE-4075-8C32-BC84143ED12E}.Release|x64.ActiveCfg = Release|Any CPU
		{C721642B-A0AE-4075-8C32-BC84143ED12E}.Release|x64.Build.0 = Release|Any CPU
		{C721642B-A0AE-4075-8C32-BC84143ED12E}.Release|x86.ActiveCfg = Release|Any CPU
		{C721642B-A0AE-4075-8C32-BC84143ED12E}.Release|x86.Build.0 = Release|Any CPU
		{B4BDB18E-03A4-42F1-BCDF-89D0BA3C713E}.Debug|Any CPU.ActiveCfg = Debug|Any CPU
		{B4BDB18E-03A4-42F1-BCDF-89D0BA3C713E}.Debug|Any CPU.Build.0 = Debug|Any CPU
		{B4BDB18E-03A4-42F1-BCDF-89D0BA3C713E}.Debug|x64.ActiveCfg = Debug|Any CPU
		{B4BDB18E-03A4-42F1-BCDF-89D0BA3C713E}.Debug|x64.Build.0 = Debug|Any CPU
		{B4BDB18E-03A4-42F1-BCDF-89D0BA3C713E}.Debug|x86.ActiveCfg = Debug|Any CPU
		{B4BDB18E-03A4-42F1-BCDF-89D0BA3C713E}.Debug|x86.Build.0 = Debug|Any CPU
		{B4BDB18E-03A4-42F1-BCDF-89D0BA3C713E}.Release|Any CPU.ActiveCfg = Release|Any CPU
		{B4BDB18E-03A4-42F1-BCDF-89D0BA3C713E}.Release|Any CPU.Build.0 = Release|Any CPU
		{B4BDB18E-03A4-42F1-BCDF-89D0BA3C713E}.Release|x64.ActiveCfg = Release|Any CPU
		{B4BDB18E-03A4-42F1-BCDF-89D0BA3C713E}.Release|x64.Build.0 = Release|Any CPU
		{B4BDB18E-03A4-42F1-BCDF-89D0BA3C713E}.Release|x86.ActiveCfg = Release|Any CPU
		{B4BDB18E-03A4-42F1-BCDF-89D0BA3C713E}.Release|x86.Build.0 = Release|Any CPU
		{5776110B-FEE1-4A8A-8FB1-FBD5AA866DE1}.Debug|Any CPU.ActiveCfg = Debug|Any CPU
		{5776110B-FEE1-4A8A-8FB1-FBD5AA866DE1}.Debug|Any CPU.Build.0 = Debug|Any CPU
		{5776110B-FEE1-4A8A-8FB1-FBD5AA866DE1}.Debug|x64.ActiveCfg = Debug|Any CPU
		{5776110B-FEE1-4A8A-8FB1-FBD5AA866DE1}.Debug|x64.Build.0 = Debug|Any CPU
		{5776110B-FEE1-4A8A-8FB1-FBD5AA866DE1}.Debug|x86.ActiveCfg = Debug|Any CPU
		{5776110B-FEE1-4A8A-8FB1-FBD5AA866DE1}.Debug|x86.Build.0 = Debug|Any CPU
		{5776110B-FEE1-4A8A-8FB1-FBD5AA866DE1}.Release|Any CPU.ActiveCfg = Release|Any CPU
		{5776110B-FEE1-4A8A-8FB1-FBD5AA866DE1}.Release|Any CPU.Build.0 = Release|Any CPU
		{5776110B-FEE1-4A8A-8FB1-FBD5AA866DE1}.Release|x64.ActiveCfg = Release|Any CPU
		{5776110B-FEE1-4A8A-8FB1-FBD5AA866DE1}.Release|x64.Build.0 = Release|Any CPU
		{5776110B-FEE1-4A8A-8FB1-FBD5AA866DE1}.Release|x86.ActiveCfg = Release|Any CPU
		{5776110B-FEE1-4A8A-8FB1-FBD5AA866DE1}.Release|x86.Build.0 = Release|Any CPU
		{F1825DED-0F5F-41F4-9D23-A17FC2EBB214}.Debug|Any CPU.ActiveCfg = Debug|Any CPU
		{F1825DED-0F5F-41F4-9D23-A17FC2EBB214}.Debug|Any CPU.Build.0 = Debug|Any CPU
		{F1825DED-0F5F-41F4-9D23-A17FC2EBB214}.Debug|x64.ActiveCfg = Debug|Any CPU
		{F1825DED-0F5F-41F4-9D23-A17FC2EBB214}.Debug|x64.Build.0 = Debug|Any CPU
		{F1825DED-0F5F-41F4-9D23-A17FC2EBB214}.Debug|x86.ActiveCfg = Debug|Any CPU
		{F1825DED-0F5F-41F4-9D23-A17FC2EBB214}.Debug|x86.Build.0 = Debug|Any CPU
		{F1825DED-0F5F-41F4-9D23-A17FC2EBB214}.Release|Any CPU.ActiveCfg = Release|Any CPU
		{F1825DED-0F5F-41F4-9D23-A17FC2EBB214}.Release|Any CPU.Build.0 = Release|Any CPU
		{F1825DED-0F5F-41F4-9D23-A17FC2EBB214}.Release|x64.ActiveCfg = Release|Any CPU
		{F1825DED-0F5F-41F4-9D23-A17FC2EBB214}.Release|x64.Build.0 = Release|Any CPU
		{F1825DED-0F5F-41F4-9D23-A17FC2EBB214}.Release|x86.ActiveCfg = Release|Any CPU
		{F1825DED-0F5F-41F4-9D23-A17FC2EBB214}.Release|x86.Build.0 = Release|Any CPU
		{3BA8017C-C651-4401-8F0B-1D37C7923D4D}.Debug|Any CPU.ActiveCfg = Debug|Any CPU
		{3BA8017C-C651-4401-8F0B-1D37C7923D4D}.Debug|Any CPU.Build.0 = Debug|Any CPU
		{3BA8017C-C651-4401-8F0B-1D37C7923D4D}.Debug|x64.ActiveCfg = Debug|Any CPU
		{3BA8017C-C651-4401-8F0B-1D37C7923D4D}.Debug|x64.Build.0 = Debug|Any CPU
		{3BA8017C-C651-4401-8F0B-1D37C7923D4D}.Debug|x86.ActiveCfg = Debug|Any CPU
		{3BA8017C-C651-4401-8F0B-1D37C7923D4D}.Debug|x86.Build.0 = Debug|Any CPU
		{3BA8017C-C651-4401-8F0B-1D37C7923D4D}.Release|Any CPU.ActiveCfg = Release|Any CPU
		{3BA8017C-C651-4401-8F0B-1D37C7923D4D}.Release|Any CPU.Build.0 = Release|Any CPU
		{3BA8017C-C651-4401-8F0B-1D37C7923D4D}.Release|x64.ActiveCfg = Release|Any CPU
		{3BA8017C-C651-4401-8F0B-1D37C7923D4D}.Release|x64.Build.0 = Release|Any CPU
		{3BA8017C-C651-4401-8F0B-1D37C7923D4D}.Release|x86.ActiveCfg = Release|Any CPU
		{3BA8017C-C651-4401-8F0B-1D37C7923D4D}.Release|x86.Build.0 = Release|Any CPU
		{F29A7B32-C806-4934-A950-30C8138E2D96}.Debug|Any CPU.ActiveCfg = Debug|Any CPU
		{F29A7B32-C806-4934-A950-30C8138E2D96}.Debug|Any CPU.Build.0 = Debug|Any CPU
		{F29A7B32-C806-4934-A950-30C8138E2D96}.Debug|x64.ActiveCfg = Debug|Any CPU
		{F29A7B32-C806-4934-A950-30C8138E2D96}.Debug|x64.Build.0 = Debug|Any CPU
		{F29A7B32-C806-4934-A950-30C8138E2D96}.Debug|x86.ActiveCfg = Debug|Any CPU
		{F29A7B32-C806-4934-A950-30C8138E2D96}.Debug|x86.Build.0 = Debug|Any CPU
		{F29A7B32-C806-4934-A950-30C8138E2D96}.Release|Any CPU.ActiveCfg = Release|Any CPU
		{F29A7B32-C806-4934-A950-30C8138E2D96}.Release|Any CPU.Build.0 = Release|Any CPU
		{F29A7B32-C806-4934-A950-30C8138E2D96}.Release|x64.ActiveCfg = Release|Any CPU
		{F29A7B32-C806-4934-A950-30C8138E2D96}.Release|x64.Build.0 = Release|Any CPU
		{F29A7B32-C806-4934-A950-30C8138E2D96}.Release|x86.ActiveCfg = Release|Any CPU
		{F29A7B32-C806-4934-A950-30C8138E2D96}.Release|x86.Build.0 = Release|Any CPU
		{005A766E-BDBD-4206-9DE2-5A15B9B7E27C}.Debug|Any CPU.ActiveCfg = Debug|Any CPU
		{005A766E-BDBD-4206-9DE2-5A15B9B7E27C}.Debug|Any CPU.Build.0 = Debug|Any CPU
		{005A766E-BDBD-4206-9DE2-5A15B9B7E27C}.Debug|x64.ActiveCfg = Debug|Any CPU
		{005A766E-BDBD-4206-9DE2-5A15B9B7E27C}.Debug|x64.Build.0 = Debug|Any CPU
		{005A766E-BDBD-4206-9DE2-5A15B9B7E27C}.Debug|x86.ActiveCfg = Debug|Any CPU
		{005A766E-BDBD-4206-9DE2-5A15B9B7E27C}.Debug|x86.Build.0 = Debug|Any CPU
		{005A766E-BDBD-4206-9DE2-5A15B9B7E27C}.Release|Any CPU.ActiveCfg = Release|Any CPU
		{005A766E-BDBD-4206-9DE2-5A15B9B7E27C}.Release|Any CPU.Build.0 = Release|Any CPU
		{005A766E-BDBD-4206-9DE2-5A15B9B7E27C}.Release|x64.ActiveCfg = Release|Any CPU
		{005A766E-BDBD-4206-9DE2-5A15B9B7E27C}.Release|x64.Build.0 = Release|Any CPU
		{005A766E-BDBD-4206-9DE2-5A15B9B7E27C}.Release|x86.ActiveCfg = Release|Any CPU
		{005A766E-BDBD-4206-9DE2-5A15B9B7E27C}.Release|x86.Build.0 = Release|Any CPU
		{E8EC6694-B8E6-4BAB-A5E2-EE7C90BF7C78}.Debug|Any CPU.ActiveCfg = Debug|Any CPU
		{E8EC6694-B8E6-4BAB-A5E2-EE7C90BF7C78}.Debug|Any CPU.Build.0 = Debug|Any CPU
		{E8EC6694-B8E6-4BAB-A5E2-EE7C90BF7C78}.Debug|x64.ActiveCfg = Debug|Any CPU
		{E8EC6694-B8E6-4BAB-A5E2-EE7C90BF7C78}.Debug|x64.Build.0 = Debug|Any CPU
		{E8EC6694-B8E6-4BAB-A5E2-EE7C90BF7C78}.Debug|x86.ActiveCfg = Debug|Any CPU
		{E8EC6694-B8E6-4BAB-A5E2-EE7C90BF7C78}.Debug|x86.Build.0 = Debug|Any CPU
		{E8EC6694-B8E6-4BAB-A5E2-EE7C90BF7C78}.Release|Any CPU.ActiveCfg = Release|Any CPU
		{E8EC6694-B8E6-4BAB-A5E2-EE7C90BF7C78}.Release|Any CPU.Build.0 = Release|Any CPU
		{E8EC6694-B8E6-4BAB-A5E2-EE7C90BF7C78}.Release|x64.ActiveCfg = Release|Any CPU
		{E8EC6694-B8E6-4BAB-A5E2-EE7C90BF7C78}.Release|x64.Build.0 = Release|Any CPU
		{E8EC6694-B8E6-4BAB-A5E2-EE7C90BF7C78}.Release|x86.ActiveCfg = Release|Any CPU
		{E8EC6694-B8E6-4BAB-A5E2-EE7C90BF7C78}.Release|x86.Build.0 = Release|Any CPU
		{0738D711-207C-4ADC-BD66-2A0736EE7014}.Debug|Any CPU.ActiveCfg = Debug|Any CPU
		{0738D711-207C-4ADC-BD66-2A0736EE7014}.Debug|Any CPU.Build.0 = Debug|Any CPU
		{0738D711-207C-4ADC-BD66-2A0736EE7014}.Debug|x64.ActiveCfg = Debug|Any CPU
		{0738D711-207C-4ADC-BD66-2A0736EE7014}.Debug|x64.Build.0 = Debug|Any CPU
		{0738D711-207C-4ADC-BD66-2A0736EE7014}.Debug|x86.ActiveCfg = Debug|Any CPU
		{0738D711-207C-4ADC-BD66-2A0736EE7014}.Debug|x86.Build.0 = Debug|Any CPU
		{0738D711-207C-4ADC-BD66-2A0736EE7014}.Release|Any CPU.ActiveCfg = Release|Any CPU
		{0738D711-207C-4ADC-BD66-2A0736EE7014}.Release|Any CPU.Build.0 = Release|Any CPU
		{0738D711-207C-4ADC-BD66-2A0736EE7014}.Release|x64.ActiveCfg = Release|Any CPU
		{0738D711-207C-4ADC-BD66-2A0736EE7014}.Release|x64.Build.0 = Release|Any CPU
		{0738D711-207C-4ADC-BD66-2A0736EE7014}.Release|x86.ActiveCfg = Release|Any CPU
		{0738D711-207C-4ADC-BD66-2A0736EE7014}.Release|x86.Build.0 = Release|Any CPU
		{F9F5FAFD-3342-403D-B195-A6AF23B2A4A8}.Debug|Any CPU.ActiveCfg = Debug|Any CPU
		{F9F5FAFD-3342-403D-B195-A6AF23B2A4A8}.Debug|Any CPU.Build.0 = Debug|Any CPU
		{F9F5FAFD-3342-403D-B195-A6AF23B2A4A8}.Debug|x64.ActiveCfg = Debug|Any CPU
		{F9F5FAFD-3342-403D-B195-A6AF23B2A4A8}.Debug|x64.Build.0 = Debug|Any CPU
		{F9F5FAFD-3342-403D-B195-A6AF23B2A4A8}.Debug|x86.ActiveCfg = Debug|Any CPU
		{F9F5FAFD-3342-403D-B195-A6AF23B2A4A8}.Debug|x86.Build.0 = Debug|Any CPU
		{F9F5FAFD-3342-403D-B195-A6AF23B2A4A8}.Release|Any CPU.ActiveCfg = Release|Any CPU
		{F9F5FAFD-3342-403D-B195-A6AF23B2A4A8}.Release|Any CPU.Build.0 = Release|Any CPU
		{F9F5FAFD-3342-403D-B195-A6AF23B2A4A8}.Release|x64.ActiveCfg = Release|Any CPU
		{F9F5FAFD-3342-403D-B195-A6AF23B2A4A8}.Release|x64.Build.0 = Release|Any CPU
		{F9F5FAFD-3342-403D-B195-A6AF23B2A4A8}.Release|x86.ActiveCfg = Release|Any CPU
		{F9F5FAFD-3342-403D-B195-A6AF23B2A4A8}.Release|x86.Build.0 = Release|Any CPU
	EndGlobalSection
	GlobalSection(SolutionProperties) = preSolution
		HideSolutionNode = FALSE
	EndGlobalSection
	GlobalSection(NestedProjects) = preSolution
		{B4AD9808-5DE4-457B-868D-F179E39ADE7E} = {198D964B-0F31-463E-ABC4-25E22A05670A}
		{F1B4BB79-3628-4C8A-836B-C73B2C67D055} = {22D9324E-DBA1-4EE7-B799-C2BF4C2B88FD}
		{1D9DA171-F006-410D-8CA7-F1BA1D431AF2} = {7C2A6EBE-ABB7-4428-9B50-956CD2FC6BB2}
		{CB811AF3-81E2-409D-9BC0-480048FCE36D} = {27CFBAD5-8ADF-423D-B6A0-322960E6C787}
		{09B34B19-134D-40CA-980C-849A2F997123} = {27CFBAD5-8ADF-423D-B6A0-322960E6C787}
		{254CD1EE-E485-4AED-BB77-7CE1B869F897} = {27CFBAD5-8ADF-423D-B6A0-322960E6C787}
		{1FA8FE38-61A7-48DB-AAA4-C86A830422CA} = {7C2A6EBE-ABB7-4428-9B50-956CD2FC6BB2}
		{4C36062D-1579-4779-AD69-F1E8ED239662} = {198D964B-0F31-463E-ABC4-25E22A05670A}
		{BB6B9AA8-B487-452C-88D6-EA2F3E20374B} = {DF5E5937-66D3-4CAD-8198-D411894C987F}
		{085A678D-7843-42FA-97CF-C00E52FED9BD} = {DF5E5937-66D3-4CAD-8198-D411894C987F}
		{C721642B-A0AE-4075-8C32-BC84143ED12E} = {27CFBAD5-8ADF-423D-B6A0-322960E6C787}
		{B4BDB18E-03A4-42F1-BCDF-89D0BA3C713E} = {75A9672B-38A2-4ECC-92CA-6C7004931056}
		{5776110B-FEE1-4A8A-8FB1-FBD5AA866DE1} = {75A9672B-38A2-4ECC-92CA-6C7004931056}
		{F1825DED-0F5F-41F4-9D23-A17FC2EBB214} = {7C2A6EBE-ABB7-4428-9B50-956CD2FC6BB2}
		{3BA8017C-C651-4401-8F0B-1D37C7923D4D} = {198D964B-0F31-463E-ABC4-25E22A05670A}
		{F29A7B32-C806-4934-A950-30C8138E2D96} = {27CFBAD5-8ADF-423D-B6A0-322960E6C787}
		{005A766E-BDBD-4206-9DE2-5A15B9B7E27C} = {27CFBAD5-8ADF-423D-B6A0-322960E6C787}
		{0738D711-207C-4ADC-BD66-2A0736EE7014} = {75A9672B-38A2-4ECC-92CA-6C7004931056}
		{F9F5FAFD-3342-403D-B195-A6AF23B2A4A8} = {7C2A6EBE-ABB7-4428-9B50-956CD2FC6BB2}
	EndGlobalSection
	GlobalSection(ExtensibilityGlobals) = postSolution
		SolutionGuid = {CF56E54C-11EB-4345-A6CF-D4ECDA5CA4D1}
	EndGlobalSection
EndGlobal
